
Microsoft Visual Studio Solution File, Format Version 12.00
# Visual Studio Version 17
VisualStudioVersion = 17.8.34408.163
MinimumVisualStudioVersion = 10.0.40219.1
Project("{FAE04EC0-301F-11D3-BF4B-00C04F79EFBC}") = "Question 5", "Question 5\Question 5.csproj", "{AD9AB4C1-51FE-4183-8ED2-76FEF878C51B}"
EndProject
Global
	GlobalSection(SolutionConfigurationPlatforms) = preSolution
		Debug|Any CPU = Debug|Any CPU
		Release|Any CPU = Release|Any CPU
	EndGlobalSection
	GlobalSection(ProjectConfigurationPlatforms) = postSolution
		{AD9AB4C1-51FE-4183-8ED2-76FEF878C51B}.Debug|Any CPU.ActiveCfg = Debug|Any CPU
		{AD9AB4C1-51FE-4183-8ED2-76FEF878C51B}.Debug|Any CPU.Build.0 = Debug|Any CPU
		{AD9AB4C1-51FE-4183-8ED2-76FEF878C51B}.Release|Any CPU.ActiveCfg = Release|Any CPU
		{AD9AB4C1-51FE-4183-8ED2-76FEF878C51B}.Release|Any CPU.Build.0 = Release|Any CPU
	EndGlobalSection
	GlobalSection(SolutionProperties) = preSolution
		HideSolutionNode = FALSE
	EndGlobalSection
	GlobalSection(ExtensibilityGlobals) = postSolution
		SolutionGuid = {9EE8A3A3-AD44-4F9C-B928-30AE9E50BC3B}
	EndGlobalSection
EndGlobal
